{
  "version": 1,
  "dependencies": {
    "net10.0-windows7.0": {
      "DalamudPackager": {
        "type": "Direct",
        "requested": "[14.0.1, )",
        "resolved": "14.0.1",
        "contentHash": "y0WWyUE6dhpGdolK3iKgwys05/nZaVf4ZPtIjpLhJBZvHxkkiE23zYRo7K7uqAgoK/QvK5cqF6l3VG5AbgC6KA=="
      },
      "DotNet.ReproducibleBuilds": {
        "type": "Direct",
        "requested": "[1.2.39, )",
        "resolved": "1.2.39",
        "contentHash": "fcFN01tDTIQqDuTwr1jUQK/geofiwjG5DycJQOnC72i1SsLAk1ELe+apBOuZ11UMQG8YKFZG1FgvjZPbqHyatg=="
      },
      "System.Drawing.Common": {
        "type": "Direct",
        "requested": "[10.0.1, )",
        "resolved": "10.0.1",
        "contentHash": "cmkIduwyVPfuO8kNehu3xNcjo26nMgUoJyfso9S/zTO85YovvPPG0/AFLjanx1iVgQ80OpJVnLb1jU3aIKNLdg==",
        "dependencies": {
          "Microsoft.Win32.SystemEvents": "10.0.1"
        }
      },
      "Microsoft.Win32.SystemEvents": {
        "type": "Transitive",
        "resolved": "10.0.1",
        "contentHash": "trU4LN2C04nj5qnl8HqoX0NJGPCFg9h2f5o+jjp3Xm8c8fQtu6Ga1/fNFMf3AapoHyLP1WlP21XnL2ij/TLKlg=="
      }
    }
  }
}